
Microsoft Visual Studio Solution File, Format Version 12.00
# Visual Studio Version 16
VisualStudioVersion = 16.0.31205.134
MinimumVisualStudioVersion = 10.0.40219.1
Project("{FAE04EC0-301F-11D3-BF4B-00C04F79EFBC}") = "DIO.Series", "DIO.Series\DIO.Series.csproj", "{BB532628-7A76-4E6F-B785-6AB2F84B07E2}"
EndProject
Global
	GlobalSection(SolutionConfigurationPlatforms) = preSolution
		Debug|Any CPU = Debug|Any CPU
		Release|Any CPU = Release|Any CPU
	EndGlobalSection
	GlobalSection(ProjectConfigurationPlatforms) = postSolution
		{BB532628-7A76-4E6F-B785-6AB2F84B07E2}.Debug|Any CPU.ActiveCfg = Debug|Any CPU
		{BB532628-7A76-4E6F-B785-6AB2F84B07E2}.Debug|Any CPU.Build.0 = Debug|Any CPU
		{BB532628-7A76-4E6F-B785-6AB2F84B07E2}.Release|Any CPU.ActiveCfg = Release|Any CPU
		{BB532628-7A76-4E6F-B785-6AB2F84B07E2}.Release|Any CPU.Build.0 = Release|Any CPU
	EndGlobalSection
	GlobalSection(SolutionProperties) = preSolution
		HideSolutionNode = FALSE
	EndGlobalSection
	GlobalSection(ExtensibilityGlobals) = postSolution
		SolutionGuid = {0B6778FB-687B-423D-A1A7-77BAA17D1F52}
	EndGlobalSection
EndGlobal
